<?xml version="1.0" encoding="UTF-8"?>
<Scheme
   LastUpgradeVersion = "2630"
   version = "1.7">
   <BuildAction
      parallelizeBuildables = "YES"
      buildImplicitDependencies = "YES"
      buildArchitectures = "Automatic">
      <BuildActionEntries>
         <BuildActionEntry
            buildForTesting = "YES"
            buildForRunning = "YES"
            buildForProfiling = "YES"
            buildForArchiving = "YES"
            buildForAnalyzing = "YES">
            <BuildableReference
               BuildableIdentifier = "primary"
               BlueprintIdentifier = "84782E732F609086000AAADE"
               BuildableName = "T&amp;T Run.app"
               BlueprintName = "T&amp;T Run"
               ReferencedContainer = "container:T&amp;T Run.xcodeproj">
            </BuildableReference>
         </BuildActionEntry>
      </BuildActionEntries>
   </BuildAction>
   <TestAction
      buildConfiguration = "Debug"
      selectedDebuggerIdentifier = "Xcode.DebuggerFoundation.Debugger.LLDB"
      selectedLauncherIdentifier = "Xcode.DebuggerFoundation.Launcher.LLDB"
      shouldUseLaunchSchemeArgsEnv = "YES"
      shouldAutocreateTestPlan = "YES">
   </TestAction>
   <LaunchAction
      buildConfiguration = "Debug"
      selectedDebuggerIdentifier = "Xcode.DebuggerFoundation.Debugger.LLDB"
      selectedLauncherIdentifier = "Xcode.DebuggerFoundation.Launcher.LLDB"
      launchStyle = "0"
      useCustomWorkingDirectory = "NO"
      ignoresPersistentStateOnLaunch = "NO"
      debugDocumentVersioning = "YES"
      debugServiceExtension = "internal"
      allowLocationSimulation = "YES">
      <BuildableProductRunnable
         runnableDebuggingMode = "0">
         <BuildableReference
            BuildableIdentifier = "primary"
            BlueprintIdentifier = "84782E732F609086000AAADE"
            BuildableName = "T&amp;T Run.app"
            BlueprintName = "T&amp;T Run"
            ReferencedContainer = "container:T&amp;T Run.xcodeproj">
         </BuildableReference>
      </BuildableProductRunnable>
      <EnvironmentVariables>
         <EnvironmentVariable
            key = "ARCGIS_API_KEY"
            value = "AAPTazwHJJc-r9z5EbkAFEs2dzQ..iI72cCIEDJQFUUEgpVqb_jK3Wc3h6YwMpYoRI4TH_50TQnlKV965QD3Si5hf0UpSHRWqQrioXd9f8WIuGfMZVA_tFg_BG8pluqZmvhCewlUBoTHVfuby2vAG-udJYG2N6GdvuctmwUUm3yhuiaroP6g7z-ax0DzO2US5aRb-xD-gQOZit-eQ3oX8Snr9bk9OsbcftMdfKCEA_Rb3eUUzXUoWQeR3r7yMvXmfVdpvfjH4xDU9pxkIhrc.AT1_AoUWoFdn"
            isEnabled = "YES">
         </EnvironmentVariable>
      </EnvironmentVariables>
   </LaunchAction>
   <ProfileAction
      buildConfiguration = "Release"
      shouldUseLaunchSchemeArgsEnv = "YES"
      savedToolIdentifier = ""
      useCustomWorkingDirectory = "NO"
      debugDocumentVersioning = "YES">
      <BuildableProductRunnable
         runnableDebuggingMode = "0">
         <BuildableReference
            BuildableIdentifier = "primary"
            BlueprintIdentifier = "84782E732F609086000AAADE"
            BuildableName = "T&amp;T Run.app"
            BlueprintName = "T&amp;T Run"
            ReferencedContainer = "container:T&amp;T Run.xcodeproj">
         </BuildableReference>
      </BuildableProductRunnable>
   </ProfileAction>
   <AnalyzeAction
      buildConfiguration = "Debug">
   </AnalyzeAction>
   <ArchiveAction
      buildConfiguration = "Release"
      revealArchiveInOrganizer = "YES">
   </ArchiveAction>
</Scheme>
