// !$*UTF8*$!
{
	archiveVersion = 1;
	classes = {
	};
	objectVersion = 77;
	objects = {

/* Begin PBXBuildFile section */
		841D428E2F61189E0093523A /* ArcGIS in Frameworks */ = {isa = PBXBuildFile; productRef = 84782E852F609087000AAADE /* ArcGIS */; };
		841D42902F61189E0093523C /* ArcGISToolkit in Frameworks */ = {isa = PBXBuildFile; productRef = 84782E872F609087000AAADF /* ArcGISToolkit */; };
		841D430E2F611A8F0093523A /* WidgetKit.framework in Frameworks */ = {isa = PBXBuildFile; fileRef = 841D42D32F6118D00093523A /* WidgetKit.framework */; };
		841D430F2F611A8F0093523A /* SwiftUI.framework in Frameworks */ = {isa = PBXBuildFile; fileRef = 841D42D52F6118D00093523A /* SwiftUI.framework */; };
		841D43202F611A900093523A /* T&T_WidgetExtension.appex in Embed Foundation Extensions */ = {isa = PBXBuildFile; fileRef = 841D430D2F611A8F0093523A /* T&T_WidgetExtension.appex */; settings = {ATTRIBUTES = (RemoveHeadersOnCopy, ); }; };
/* End PBXBuildFile section */

/* Begin PBXContainerItemProxy section */
		841D431E2F611A900093523A /* PBXContainerItemProxy */ = {
			isa = PBXContainerItemProxy;
			containerPortal = 84782E6C2F609086000AAADE /* Project object */;
			proxyType = 1;
			remoteGlobalIDString = 841D430C2F611A8F0093523A;
			remoteInfo = "T&T_WidgetExtension";
		};
/* End PBXContainerItemProxy section */

/* Begin PBXCopyFilesBuildPhase section */
		841D43042F611A4B0093523A /* Embed Foundation Extensions */ = {
			isa = PBXCopyFilesBuildPhase;
			buildActionMask = 2147483647;
			dstPath = "";
			dstSubfolderSpec = 13;
			files = (
				841D43202F611A900093523A /* T&T_WidgetExtension.appex in Embed Foundation Extensions */,
			);
			name = "Embed Foundation Extensions";
			runOnlyForDeploymentPostprocessing = 0;
		};
/* End PBXCopyFilesBuildPhase section */

/* Begin PBXFileReference section */
		841D42D32F6118D00093523A /* WidgetKit.framework */ = {isa = PBXFileReference; lastKnownFileType = wrapper.framework; name = WidgetKit.framework; path = System/Library/Frameworks/WidgetKit.framework; sourceTree = SDKROOT; };
		841D42D52F6118D00093523A /* SwiftUI.framework */ = {isa = PBXFileReference; lastKnownFileType = wrapper.framework; name = SwiftUI.framework; path = System/Library/Frameworks/SwiftUI.framework; sourceTree = SDKROOT; };
		841D42E72F6119DC0093523A /* T&T_WidgetExtension.entitlements */ = {isa = PBXFileReference; lastKnownFileType = text.plist.entitlements; path = "T&T_WidgetExtension.entitlements"; sourceTree = "<group>"; };
		841D430D2F611A8F0093523A /* T&T_WidgetExtension.appex */ = {isa = PBXFileReference; explicitFileType = "wrapper.app-extension"; includeInIndex = 0; path = "T&T_WidgetExtension.appex"; sourceTree = BUILT_PRODUCTS_DIR; };
		84782E742F609086000AAADE /* T&T Run.app */ = {isa = PBXFileReference; explicitFileType = wrapper.application; includeInIndex = 0; path = "T&T Run.app"; sourceTree = BUILT_PRODUCTS_DIR; };
/* End PBXFileReference section */

/* Begin PBXFileSystemSynchronizedBuildFileExceptionSet section */
		841D43212F611A900093523A /* Exceptions for "T&T_Widget" folder in "T&T_WidgetExtension" target */ = {
			isa = PBXFileSystemSynchronizedBuildFileExceptionSet;
			membershipExceptions = (
				Info.plist,
			);
			target = 841D430C2F611A8F0093523A /* T&T_WidgetExtension */;
		};
/* End PBXFileSystemSynchronizedBuildFileExceptionSet section */

/* Begin PBXFileSystemSynchronizedRootGroup section */
		841D43102F611A8F0093523A /* T&T_Widget */ = {
			isa = PBXFileSystemSynchronizedRootGroup;
			exceptions = (
				841D43212F611A900093523A /* Exceptions for "T&T_Widget" folder in "T&T_WidgetExtension" target */,
			);
			path = "T&T_Widget";
			sourceTree = "<group>";
		};
		84782E762F609086000AAADE /* T&T Run */ = {
			isa = PBXFileSystemSynchronizedRootGroup;
			path = "T&T Run";
			sourceTree = "<group>";
		};
/* End PBXFileSystemSynchronizedRootGroup section */

/* Begin PBXFrameworksBuildPhase section */
		841D430A2F611A8F0093523A /* Frameworks */ = {
			isa = PBXFrameworksBuildPhase;
			buildActionMask = 2147483647;
			files = (
				841D430F2F611A8F0093523A /* SwiftUI.framework in Frameworks */,
				841D430E2F611A8F0093523A /* WidgetKit.framework in Frameworks */,
			);
			runOnlyForDeploymentPostprocessing = 0;
		};
		84782E712F609086000AAADE /* Frameworks */ = {
			isa = PBXFrameworksBuildPhase;
			buildActionMask = 2147483647;
			files = (
				841D428E2F61189E0093523A /* ArcGIS in Frameworks */,
				841D42902F61189E0093523C /* ArcGISToolkit in Frameworks */,
			);
			runOnlyForDeploymentPostprocessing = 0;
		};
/* End PBXFrameworksBuildPhase section */

/* Begin PBXGroup section */
		841D42D22F6118D00093523A /* Frameworks */ = {
			isa = PBXGroup;
			children = (
				841D42D32F6118D00093523A /* WidgetKit.framework */,
				841D42D52F6118D00093523A /* SwiftUI.framework */,
			);
			name = Frameworks;
			sourceTree = "<group>";
		};
		84782E6B2F609086000AAADE = {
			isa = PBXGroup;
			children = (
				841D42E72F6119DC0093523A /* T&T_WidgetExtension.entitlements */,
				84782E762F609086000AAADE /* T&T Run */,
				841D43102F611A8F0093523A /* T&T_Widget */,
				841D42D22F6118D00093523A /* Frameworks */,
				84782E752F609086000AAADE /* Products */,
			);
			sourceTree = "<group>";
		};
		84782E752F609086000AAADE /* Products */ = {
			isa = PBXGroup;
			children = (
				84782E742F609086000AAADE /* T&T Run.app */,
				841D430D2F611A8F0093523A /* T&T_WidgetExtension.appex */,
			);
			name = Products;
			sourceTree = "<group>";
		};
/* End PBXGroup section */

/* Begin PBXNativeTarget section */
		841D430C2F611A8F0093523A /* T&T_WidgetExtension */ = {
			isa = PBXNativeTarget;
			buildConfigurationList = 841D43222F611A900093523A /* Build configuration list for PBXNativeTarget "T&T_WidgetExtension" */;
			buildPhases = (
				841D43092F611A8F0093523A /* Sources */,
				841D430A2F611A8F0093523A /* Frameworks */,
				841D430B2F611A8F0093523A /* Resources */,
			);
			buildRules = (
			);
			dependencies = (
			);
			fileSystemSynchronizedGroups = (
				841D43102F611A8F0093523A /* T&T_Widget */,
			);
			name = "T&T_WidgetExtension";
			packageProductDependencies = (
			);
			productName = "T&T_WidgetExtension";
			productReference = 841D430D2F611A8F0093523A /* T&T_WidgetExtension.appex */;
			productType = "com.apple.product-type.app-extension";
		};
		84782E732F609086000AAADE /* T&T Run */ = {
			isa = PBXNativeTarget;
			buildConfigurationList = 84782E7F2F609087000AAADE /* Build configuration list for PBXNativeTarget "T&T Run" */;
			buildPhases = (
				84782E702F609086000AAADE /* Sources */,
				84782E712F609086000AAADE /* Frameworks */,
				84782E722F609086000AAADE /* Resources */,
				841D43042F611A4B0093523A /* Embed Foundation Extensions */,
			);
			buildRules = (
			);
			dependencies = (
				841D431F2F611A900093523A /* PBXTargetDependency */,
			);
			fileSystemSynchronizedGroups = (
				84782E762F609086000AAADE /* T&T Run */,
			);
			name = "T&T Run";
			packageProductDependencies = (
				84782E852F609087000AAADE /* ArcGIS */,
				84782E872F609087000AAADF /* ArcGISToolkit */,
			);
			productName = "T&T Run";
			productReference = 84782E742F609086000AAADE /* T&T Run.app */;
			productType = "com.apple.product-type.application";
		};
/* End PBXNativeTarget section */

/* Begin PBXProject section */
		84782E6C2F609086000AAADE /* Project object */ = {
			isa = PBXProject;
			attributes = {
				BuildIndependentTargetsInParallel = 1;
				LastSwiftUpdateCheck = 2630;
				LastUpgradeCheck = 2630;
				TargetAttributes = {
					841D430C2F611A8F0093523A = {
						CreatedOnToolsVersion = 26.3;
					};
					84782E732F609086000AAADE = {
						CreatedOnToolsVersion = 26.3;
					};
				};
			};
			buildConfigurationList = 84782E6F2F609086000AAADE /* Build configuration list for PBXProject "T&T Run" */;
			developmentRegion = en;
			hasScannedForEncodings = 0;
			knownRegions = (
				en,
				Base,
				es,
			);
			mainGroup = 84782E6B2F609086000AAADE;
			minimizedProjectReferenceProxies = 1;
			packageReferences = (
				84782E842F609087000AAADE /* XCRemoteSwiftPackageReference "arcgis-maps-sdk-swift" */,
				84782E862F609087000AAADF /* XCRemoteSwiftPackageReference "arcgis-maps-sdk-swift-toolkit" */,
			);
			preferredProjectObjectVersion = 77;
			productRefGroup = 84782E752F609086000AAADE /* Products */;
			projectDirPath = "";
			projectRoot = "";
			targets = (
				84782E732F609086000AAADE /* T&T Run */,
				841D430C2F611A8F0093523A /* T&T_WidgetExtension */,
			);
		};
/* End PBXProject section */

/* Begin PBXResourcesBuildPhase section */
		841D430B2F611A8F0093523A /* Resources */ = {
			isa = PBXResourcesBuildPhase;
			buildActionMask = 2147483647;
			files = (
			);
			runOnlyForDeploymentPostprocessing = 0;
		};
		84782E722F609086000AAADE /* Resources */ = {
			isa = PBXResourcesBuildPhase;
			buildActionMask = 2147483647;
			files = (
			);
			runOnlyForDeploymentPostprocessing = 0;
		};
/* End PBXResourcesBuildPhase section */

/* Begin PBXSourcesBuildPhase section */
		841D43092F611A8F0093523A /* Sources */ = {
			isa = PBXSourcesBuildPhase;
			buildActionMask = 2147483647;
			files = (
			);
			runOnlyForDeploymentPostprocessing = 0;
		};
		84782E702F609086000AAADE /* Sources */ = {
			isa = PBXSourcesBuildPhase;
			buildActionMask = 2147483647;
			files = (
			);
			runOnlyForDeploymentPostprocessing = 0;
		};
/* End PBXSourcesBuildPhase section */

/* Begin PBXTargetDependency section */
		841D431F2F611A900093523A /* PBXTargetDependency */ = {
			isa = PBXTargetDependency;
			target = 841D430C2F611A8F0093523A /* T&T_WidgetExtension */;
			targetProxy = 841D431E2F611A900093523A /* PBXContainerItemProxy */;
		};
/* End PBXTargetDependency section */

/* Begin XCBuildConfiguration section */
		841D43232F611A900093523A /* Debug */ = {
			isa = XCBuildConfiguration;
			buildSettings = {
				ASSETCATALOG_COMPILER_GLOBAL_ACCENT_COLOR_NAME = AccentColor;
				ASSETCATALOG_COMPILER_WIDGET_BACKGROUND_COLOR_NAME = WidgetBackground;
				CODE_SIGN_ENTITLEMENTS = "T&T_WidgetExtension.entitlements";
				CODE_SIGN_STYLE = Automatic;
				CURRENT_PROJECT_VERSION = 3;
				DEVELOPMENT_TEAM = P7QF2Y3H2D;
				GENERATE_INFOPLIST_FILE = YES;
				INFOPLIST_FILE = "T&T_Widget/Info.plist";
				INFOPLIST_KEY_CFBundleDisplayName = "T&T_Widget";
				INFOPLIST_KEY_NSHumanReadableCopyright = "";
				LD_RUNPATH_SEARCH_PATHS = (
					"$(inherited)",
					"@executable_path/Frameworks",
					"@executable_path/../../Frameworks",
				);
				MARKETING_VERSION = 1.0;
				PRODUCT_BUNDLE_IDENTIFIER = "com.minutelongsolutions.T-T-Run.T-T-Widget";
				PRODUCT_NAME = "$(TARGET_NAME)";
				SKIP_INSTALL = YES;
				STRING_CATALOG_GENERATE_SYMBOLS = YES;
				SWIFT_APPROACHABLE_CONCURRENCY = YES;
				SWIFT_EMIT_LOC_STRINGS = YES;
				SWIFT_UPCOMING_FEATURE_MEMBER_IMPORT_VISIBILITY = YES;
				SWIFT_VERSION = 5.0;
				TARGETED_DEVICE_FAMILY = "1,2";
			};
			name = Debug;
		};
		841D43242F611A900093523A /* Release */ = {
			isa = XCBuildConfiguration;
			buildSettings = {
				ASSETCATALOG_COMPILER_GLOBAL_ACCENT_COLOR_NAME = AccentColor;
				ASSETCATALOG_COMPILER_WIDGET_BACKGROUND_COLOR_NAME = WidgetBackground;
				CODE_SIGN_ENTITLEMENTS = "T&T_WidgetExtension.entitlements";
				CODE_SIGN_STYLE = Automatic;
				CURRENT_PROJECT_VERSION = 3;
				DEVELOPMENT_TEAM = P7QF2Y3H2D;
				GENERATE_INFOPLIST_FILE = YES;
				INFOPLIST_FILE = "T&T_Widget/Info.plist";
				INFOPLIST_KEY_CFBundleDisplayName = "T&T_Widget";
				INFOPLIST_KEY_NSHumanReadableCopyright = "";
				LD_RUNPATH_SEARCH_PATHS = (
					"$(inherited)",
					"@executable_path/Frameworks",
					"@executable_path/../../Frameworks",
				);
				MARKETING_VERSION = 1.0;
				PRODUCT_BUNDLE_IDENTIFIER = "com.minutelongsolutions.T-T-Run.T-T-Widget";
				PRODUCT_NAME = "$(TARGET_NAME)";
				SKIP_INSTALL = YES;
				STRING_CATALOG_GENERATE_SYMBOLS = YES;
				SWIFT_APPROACHABLE_CONCURRENCY = YES;
				SWIFT_EMIT_LOC_STRINGS = YES;
				SWIFT_UPCOMING_FEATURE_MEMBER_IMPORT_VISIBILITY = YES;
				SWIFT_VERSION = 5.0;
				TARGETED_DEVICE_FAMILY = "1,2";
			};
			name = Release;
		};
		84782E7D2F609087000AAADE /* Debug */ = {
			isa = XCBuildConfiguration;
			buildSettings = {
				ALWAYS_SEARCH_USER_PATHS = NO;
				ASSETCATALOG_COMPILER_GENERATE_SWIFT_ASSET_SYMBOL_EXTENSIONS = YES;
				CLANG_ANALYZER_NONNULL = YES;
				CLANG_ANALYZER_NUMBER_OBJECT_CONVERSION = YES_AGGRESSIVE;
				CLANG_CXX_LANGUAGE_STANDARD = "gnu++20";
				CLANG_ENABLE_MODULES = YES;
				CLANG_ENABLE_OBJC_ARC = YES;
				CLANG_ENABLE_OBJC_WEAK = YES;
				CLANG_WARN_BLOCK_CAPTURE_AUTORELEASING = YES;
				CLANG_WARN_BOOL_CONVERSION = YES;
				CLANG_WARN_COMMA = YES;
				CLANG_WARN_CONSTANT_CONVERSION = YES;
				CLANG_WARN_DEPRECATED_OBJC_IMPLEMENTATIONS = YES;
				CLANG_WARN_DIRECT_OBJC_ISA_USAGE = YES_ERROR;
				CLANG_WARN_DOCUMENTATION_COMMENTS = YES;
				CLANG_WARN_EMPTY_BODY = YES;
				CLANG_WARN_ENUM_CONVERSION = YES;
				CLANG_WARN_INFINITE_RECURSION = YES;
				CLANG_WARN_INT_CONVERSION = YES;
				CLANG_WARN_NON_LITERAL_NULL_CONVERSION = YES;
				CLANG_WARN_OBJC_IMPLICIT_RETAIN_SELF = YES;
				CLANG_WARN_OBJC_LITERAL_CONVERSION = YES;
				CLANG_WARN_OBJC_ROOT_CLASS = YES_ERROR;
				CLANG_WARN_QUOTED_INCLUDE_IN_FRAMEWORK_HEADER = YES;
				CLANG_WARN_RANGE_LOOP_ANALYSIS = YES;
				CLANG_WARN_STRICT_PROTOTYPES = YES;
				CLANG_WARN_SUSPICIOUS_MOVE = YES;
				CLANG_WARN_UNGUARDED_AVAILABILITY = YES_AGGRESSIVE;
				CLANG_WARN_UNREACHABLE_CODE = YES;
				CLANG_WARN__DUPLICATE_METHOD_MATCH = YES;
				COPY_PHASE_STRIP = NO;
				DEBUG_INFORMATION_FORMAT = dwarf;
				DEVELOPMENT_TEAM = P7QF2Y3H2D;
				ENABLE_STRICT_OBJC_MSGSEND = YES;
				ENABLE_TESTABILITY = YES;
				ENABLE_USER_SCRIPT_SANDBOXING = YES;
				GCC_C_LANGUAGE_STANDARD = gnu17;
				GCC_DYNAMIC_NO_PIC = NO;
				GCC_NO_COMMON_BLOCKS = YES;
				GCC_OPTIMIZATION_LEVEL = 0;
				GCC_PREPROCESSOR_DEFINITIONS = (
					"DEBUG=1",
					"$(inherited)",
				);
				GCC_WARN_64_TO_32_BIT_CONVERSION = YES;
				GCC_WARN_ABOUT_RETURN_TYPE = YES_ERROR;
				GCC_WARN_UNDECLARED_SELECTOR = YES;
				GCC_WARN_UNINITIALIZED_AUTOS = YES_AGGRESSIVE;
				GCC_WARN_UNUSED_FUNCTION = YES;
				GCC_WARN_UNUSED_VARIABLE = YES;
				IPHONEOS_DEPLOYMENT_TARGET = 26.2;
				LOCALIZATION_PREFERS_STRING_CATALOGS = YES;
				MTL_ENABLE_DEBUG_INFO = INCLUDE_SOURCE;
				MTL_FAST_MATH = YES;
				ONLY_ACTIVE_ARCH = YES;
				SDKROOT = iphoneos;
				SWIFT_ACTIVE_COMPILATION_CONDITIONS = "DEBUG $(inherited)";
				SWIFT_OPTIMIZATION_LEVEL = "-Onone";
			};
			name = Debug;
		};
		84782E7E2F609087000AAADE /* Release */ = {
			isa = XCBuildConfiguration;
			buildSettings = {
				ALWAYS_SEARCH_USER_PATHS = NO;
				ASSETCATALOG_COMPILER_GENERATE_SWIFT_ASSET_SYMBOL_EXTENSIONS = YES;
				CLANG_ANALYZER_NONNULL = YES;
				CLANG_ANALYZER_NUMBER_OBJECT_CONVERSION = YES_AGGRESSIVE;
				CLANG_CXX_LANGUAGE_STANDARD = "gnu++20";
				CLANG_ENABLE_MODULES = YES;
				CLANG_ENABLE_OBJC_ARC = YES;
				CLANG_ENABLE_OBJC_WEAK = YES;
				CLANG_WARN_BLOCK_CAPTURE_AUTORELEASING = YES;
				CLANG_WARN_BOOL_CONVERSION = YES;
				CLANG_WARN_COMMA = YES;
				CLANG_WARN_CONSTANT_CONVERSION = YES;
				CLANG_WARN_DEPRECATED_OBJC_IMPLEMENTATIONS = YES;
				CLANG_WARN_DIRECT_OBJC_ISA_USAGE = YES_ERROR;
				CLANG_WARN_DOCUMENTATION_COMMENTS = YES;
				CLANG_WARN_EMPTY_BODY = YES;
				CLANG_WARN_ENUM_CONVERSION = YES;
				CLANG_WARN_INFINITE_RECURSION = YES;
				CLANG_WARN_INT_CONVERSION = YES;
				CLANG_WARN_NON_LITERAL_NULL_CONVERSION = YES;
				CLANG_WARN_OBJC_IMPLICIT_RETAIN_SELF = YES;
				CLANG_WARN_OBJC_LITERAL_CONVERSION = YES;
				CLANG_WARN_OBJC_ROOT_CLASS = YES_ERROR;
				CLANG_WARN_QUOTED_INCLUDE_IN_FRAMEWORK_HEADER = YES;
				CLANG_WARN_RANGE_LOOP_ANALYSIS = YES;
				CLANG_WARN_STRICT_PROTOTYPES = YES;
				CLANG_WARN_SUSPICIOUS_MOVE = YES;
				CLANG_WARN_UNGUARDED_AVAILABILITY = YES_AGGRESSIVE;
				CLANG_WARN_UNREACHABLE_CODE = YES;
				CLANG_WARN__DUPLICATE_METHOD_MATCH = YES;
				COPY_PHASE_STRIP = NO;
				DEBUG_INFORMATION_FORMAT = "dwarf-with-dsym";
				DEVELOPMENT_TEAM = P7QF2Y3H2D;
				ENABLE_NS_ASSERTIONS = NO;
				ENABLE_STRICT_OBJC_MSGSEND = YES;
				ENABLE_USER_SCRIPT_SANDBOXING = YES;
				GCC_C_LANGUAGE_STANDARD = gnu17;
				GCC_NO_COMMON_BLOCKS = YES;
				GCC_WARN_64_TO_32_BIT_CONVERSION = YES;
				GCC_WARN_ABOUT_RETURN_TYPE = YES_ERROR;
				GCC_WARN_UNDECLARED_SELECTOR = YES;
				GCC_WARN_UNINITIALIZED_AUTOS = YES_AGGRESSIVE;
				GCC_WARN_UNUSED_FUNCTION = YES;
				GCC_WARN_UNUSED_VARIABLE = YES;
				IPHONEOS_DEPLOYMENT_TARGET = 26.2;
				LOCALIZATION_PREFERS_STRING_CATALOGS = YES;
				MTL_ENABLE_DEBUG_INFO = NO;
				MTL_FAST_MATH = YES;
				SDKROOT = iphoneos;
				SWIFT_COMPILATION_MODE = wholemodule;
				VALIDATE_PRODUCT = YES;
			};
			name = Release;
		};
		84782E802F609087000AAADE /* Debug */ = {
			isa = XCBuildConfiguration;
			buildSettings = {
				ASSETCATALOG_COMPILER_APPICON_NAME = AppIcon;
				ASSETCATALOG_COMPILER_GLOBAL_ACCENT_COLOR_NAME = AccentColor;
				CODE_SIGN_STYLE = Automatic;
				CURRENT_PROJECT_VERSION = 3;
				DEVELOPMENT_TEAM = P7QF2Y3H2D;
				ENABLE_PREVIEWS = YES;
				GENERATE_INFOPLIST_FILE = YES;
				INFOPLIST_KEY_ArcGISAPIKey = "AAPTazwHJJc-r9z5EbkAFEs2dzQ..iI72cCIEDJQFUUEgpVqb_jK3Wc3h6YwMpYoRI4TH_50TQnlKV965QD3Si5hf0UpSHRWqQrioXd9f8WIuGfMZVA_tFg_BG8pluqZmvhCewlUBoTHVfuby2vAG-udJYG2N6GdvuctmwUUm3yhuiaroP6g7z-ax0DzO2US5aRb-xD-gQOZit-eQ3oX8Snr9bk9OsbcftMdfKCEA_Rb3eUUzXUoWQeR3r7yMvXmfVdpvfjH4xDU9pxkIhrc.AT1_AoUWoFdn";
				INFOPLIST_KEY_LSApplicationCategoryType = "public.app-category.utilities";
				INFOPLIST_KEY_NSCameraUsageDescription = "The mapping SDK may reference camera APIs. T&T Run does not use the camera for tracking; this description is required by the system.";
				INFOPLIST_KEY_NSLocationAlwaysAndWhenInUseUsageDescription = "Your location is used to track your position and send it to the map when the app is in the background.";
				INFOPLIST_KEY_NSLocationWhenInUseUsageDescription = "Your location is used to show your position and track on the map.";
				INFOPLIST_KEY_UIApplicationSceneManifest_Generation = YES;
				INFOPLIST_KEY_UIApplicationSupportsIndirectInputEvents = YES;
				INFOPLIST_KEY_UIBackgroundModes = location;
				INFOPLIST_KEY_UILaunchScreen_Generation = YES;
				INFOPLIST_KEY_UISupportedInterfaceOrientations_iPad = "UIInterfaceOrientationPortrait UIInterfaceOrientationPortraitUpsideDown UIInterfaceOrientationLandscapeLeft UIInterfaceOrientationLandscapeRight";
				INFOPLIST_KEY_UISupportedInterfaceOrientations_iPhone = "UIInterfaceOrientationPortrait UIInterfaceOrientationLandscapeLeft UIInterfaceOrientationLandscapeRight";
				IPHONEOS_DEPLOYMENT_TARGET = 18.6;
				LD_RUNPATH_SEARCH_PATHS = (
					"$(inherited)",
					"@executable_path/Frameworks",
				);
				MARKETING_VERSION = 1.0;
				PRODUCT_BUNDLE_IDENTIFIER = "com.minutelongsolutions.T-T-Run";
				PRODUCT_NAME = "$(TARGET_NAME)";
				STRING_CATALOG_GENERATE_SYMBOLS = YES;
				SUPPORTED_PLATFORMS = "iphoneos iphonesimulator";
				SUPPORTS_MACCATALYST = NO;
				SUPPORTS_MAC_DESIGNED_FOR_IPHONE_IPAD = NO;
				SUPPORTS_XR_DESIGNED_FOR_IPHONE_IPAD = NO;
				SWIFT_APPROACHABLE_CONCURRENCY = YES;
				SWIFT_DEFAULT_ACTOR_ISOLATION = MainActor;
				SWIFT_EMIT_LOC_STRINGS = YES;
				SWIFT_UPCOMING_FEATURE_MEMBER_IMPORT_VISIBILITY = YES;
				SWIFT_VERSION = 5.0;
				TARGETED_DEVICE_FAMILY = "1,2";
			};
			name = Debug;
		};
		84782E812F609087000AAADE /* Release */ = {
			isa = XCBuildConfiguration;
			buildSettings = {
				ASSETCATALOG_COMPILER_APPICON_NAME = AppIcon;
				ASSETCATALOG_COMPILER_GLOBAL_ACCENT_COLOR_NAME = AccentColor;
				CODE_SIGN_STYLE = Automatic;
				CURRENT_PROJECT_VERSION = 3;
				DEVELOPMENT_TEAM = P7QF2Y3H2D;
				ENABLE_PREVIEWS = YES;
				GENERATE_INFOPLIST_FILE = YES;
				INFOPLIST_KEY_ArcGISAPIKey = "AAPTazwHJJc-r9z5EbkAFEs2dzQ..iI72cCIEDJQFUUEgpVqb_jK3Wc3h6YwMpYoRI4TH_50TQnlKV965QD3Si5hf0UpSHRWqQrioXd9f8WIuGfMZVA_tFg_BG8pluqZmvhCewlUBoTHVfuby2vAG-udJYG2N6GdvuctmwUUm3yhuiaroP6g7z-ax0DzO2US5aRb-xD-gQOZit-eQ3oX8Snr9bk9OsbcftMdfKCEA_Rb3eUUzXUoWQeR3r7yMvXmfVdpvfjH4xDU9pxkIhrc.AT1_AoUWoFdn";
				INFOPLIST_KEY_LSApplicationCategoryType = "public.app-category.utilities";
				INFOPLIST_KEY_NSCameraUsageDescription = "The mapping SDK may reference camera APIs. T&T Run does not use the camera for tracking; this description is required by the system.";
				INFOPLIST_KEY_NSLocationAlwaysAndWhenInUseUsageDescription = "Your location is used to track your position and send it to the map when the app is in the background.";
				INFOPLIST_KEY_NSLocationWhenInUseUsageDescription = "Your location is used to show your position and track on the map.";
				INFOPLIST_KEY_UIApplicationSceneManifest_Generation = YES;
				INFOPLIST_KEY_UIApplicationSupportsIndirectInputEvents = YES;
				INFOPLIST_KEY_UIBackgroundModes = location;
				INFOPLIST_KEY_UILaunchScreen_Generation = YES;
				INFOPLIST_KEY_UISupportedInterfaceOrientations_iPad = "UIInterfaceOrientationPortrait UIInterfaceOrientationPortraitUpsideDown UIInterfaceOrientationLandscapeLeft UIInterfaceOrientationLandscapeRight";
				INFOPLIST_KEY_UISupportedInterfaceOrientations_iPhone = "UIInterfaceOrientationPortrait UIInterfaceOrientationLandscapeLeft UIInterfaceOrientationLandscapeRight";
				IPHONEOS_DEPLOYMENT_TARGET = 18.6;
				LD_RUNPATH_SEARCH_PATHS = (
					"$(inherited)",
					"@executable_path/Frameworks",
				);
				MARKETING_VERSION = 1.0;
				PRODUCT_BUNDLE_IDENTIFIER = "com.minutelongsolutions.T-T-Run";
				PRODUCT_NAME = "$(TARGET_NAME)";
				STRING_CATALOG_GENERATE_SYMBOLS = YES;
				SUPPORTED_PLATFORMS = "iphoneos iphonesimulator";
				SUPPORTS_MACCATALYST = NO;
				SUPPORTS_MAC_DESIGNED_FOR_IPHONE_IPAD = NO;
				SUPPORTS_XR_DESIGNED_FOR_IPHONE_IPAD = NO;
				SWIFT_APPROACHABLE_CONCURRENCY = YES;
				SWIFT_DEFAULT_ACTOR_ISOLATION = MainActor;
				SWIFT_EMIT_LOC_STRINGS = YES;
				SWIFT_UPCOMING_FEATURE_MEMBER_IMPORT_VISIBILITY = YES;
				SWIFT_VERSION = 5.0;
				TARGETED_DEVICE_FAMILY = "1,2";
			};
			name = Release;
		};
/* End XCBuildConfiguration section */

/* Begin XCConfigurationList section */
		841D43222F611A900093523A /* Build configuration list for PBXNativeTarget "T&T_WidgetExtension" */ = {
			isa = XCConfigurationList;
			buildConfigurations = (
				841D43232F611A900093523A /* Debug */,
				841D43242F611A900093523A /* Release */,
			);
			defaultConfigurationIsVisible = 0;
			defaultConfigurationName = Release;
		};
		84782E6F2F609086000AAADE /* Build configuration list for PBXProject "T&T Run" */ = {
			isa = XCConfigurationList;
			buildConfigurations = (
				84782E7D2F609087000AAADE /* Debug */,
				84782E7E2F609087000AAADE /* Release */,
			);
			defaultConfigurationIsVisible = 0;
			defaultConfigurationName = Release;
		};
		84782E7F2F609087000AAADE /* Build configuration list for PBXNativeTarget "T&T Run" */ = {
			isa = XCConfigurationList;
			buildConfigurations = (
				84782E802F609087000AAADE /* Debug */,
				84782E812F609087000AAADE /* Release */,
			);
			defaultConfigurationIsVisible = 0;
			defaultConfigurationName = Release;
		};
/* End XCConfigurationList section */

/* Begin XCRemoteSwiftPackageReference section */
		84782E842F609087000AAADE /* XCRemoteSwiftPackageReference "arcgis-maps-sdk-swift" */ = {
			isa = XCRemoteSwiftPackageReference;
			repositoryURL = "https://github.com/Esri/arcgis-maps-sdk-swift";
			requirement = {
				kind = upToNextMajorVersion;
				minimumVersion = 200.0.0;
			};
		};
		84782E862F609087000AAADF /* XCRemoteSwiftPackageReference "arcgis-maps-sdk-swift-toolkit" */ = {
			isa = XCRemoteSwiftPackageReference;
			repositoryURL = "https://github.com/Esri/arcgis-maps-sdk-swift-toolkit";
			requirement = {
				kind = upToNextMajorVersion;
				minimumVersion = 200.0.0;
			};
		};
/* End XCRemoteSwiftPackageReference section */

/* Begin XCSwiftPackageProductDependency section */
		84782E852F609087000AAADE /* ArcGIS */ = {
			isa = XCSwiftPackageProductDependency;
			package = 84782E842F609087000AAADE /* XCRemoteSwiftPackageReference "arcgis-maps-sdk-swift" */;
			productName = ArcGIS;
		};
		84782E872F609087000AAADF /* ArcGISToolkit */ = {
			isa = XCSwiftPackageProductDependency;
			package = 84782E862F609087000AAADF /* XCRemoteSwiftPackageReference "arcgis-maps-sdk-swift-toolkit" */;
			productName = ArcGISToolkit;
		};
/* End XCSwiftPackageProductDependency section */
	};
	rootObject = 84782E6C2F609086000AAADE /* Project object */;
}
